
Microsoft Visual Studio Solution File, Format Version 12.00
# Visual Studio Version 17
VisualStudioVersion = 17.3.32901.215
MinimumVisualStudioVersion = 10.0.40219.1
Project("{FAE04EC0-301F-11D3-BF4B-00C04F79EFBC}") = "Banco", "Banco\Banco.csproj", "{51F1C2FF-65B7-4C76-A49E-560EF7573464}"
EndProject
Global
	GlobalSection(SolutionConfigurationPlatforms) = preSolution
		Debug|Any CPU = Debug|Any CPU
		Release|Any CPU = Release|Any CPU
	EndGlobalSection
	GlobalSection(ProjectConfigurationPlatforms) = postSolution
		{51F1C2FF-65B7-4C76-A49E-560EF7573464}.Debug|Any CPU.ActiveCfg = Debug|Any CPU
		{51F1C2FF-65B7-4C76-A49E-560EF7573464}.Debug|Any CPU.Build.0 = Debug|Any CPU
		{51F1C2FF-65B7-4C76-A49E-560EF7573464}.Release|Any CPU.ActiveCfg = Release|Any CPU
		{51F1C2FF-65B7-4C76-A49E-560EF7573464}.Release|Any CPU.Build.0 = Release|Any CPU
	EndGlobalSection
	GlobalSection(SolutionProperties) = preSolution
		HideSolutionNode = FALSE
	EndGlobalSection
	GlobalSection(ExtensibilityGlobals) = postSolution
		SolutionGuid = {A8B11529-4DC3-468C-A904-BED5A4ABAEE1}
	EndGlobalSection
EndGlobal
